---
- name: Ansible Blocks
  hosts: localhost
  gather_facts: false
  tasks:
    - block:
      - name: List usr directory content
        ansible.builtin.command: "ls -l /usr/"
      - name: List root partition content
        ansible.builtin.command: "ls -l /root/"
      - name: List bin directory content
        ansible.builtin.command: "ls -l /bin/"
      become: yes
    - name: List ansible user's home directory content
      ansible.builtin.command: "ls -l ~/"

- name: Ansible Blocks
  hosts: localhost
  gather_facts: false
  tasks:
    - block:
      - name: List home directory content
        ansible.builtin.command: "ls -l ~/"
      - name: Failing intentionally
        ansible.builtin.command: "ls -l /tmp/does-not-exist"
      rescue:
      - name: Rescue block (perform recovery)
        ansible.builtin.debug:
          msg: "Something went wrong, cleaning up.."
      always:
      - name: This will execute always
        ansible.builtin.debug:
          msg: "I will execute even in failure scenario"
...